
Microsoft Visual Studio Solution File, Format Version 12.00
# Visual Studio 15
VisualStudioVersion = 15.0.28307.168
MinimumVisualStudioVersion = 10.0.40219.1
Project("{9A19103F-16F7-4668-BE54-9A1E7A4F7556}") = "OMDB_API_Wrapper", "OMDB_API_Wrapper\OMDB_API_Wrapper.csproj", "{36CDB25C-2920-4A2A-A2FE-3F5810C634F2}"
EndProject
Project("{9A19103F-16F7-4668-BE54-9A1E7A4F7556}") = "OMDB_API_Wrapper_Demo", "OMDB_API_Wrapper_Test\OMDB_API_Wrapper_Demo.csproj", "{FB46A8B9-F908-4374-B411-F33FEA896B05}"
EndProject
Global
	GlobalSection(SolutionConfigurationPlatforms) = preSolution
		Debug|Any CPU = Debug|Any CPU
		Release|Any CPU = Release|Any CPU
	EndGlobalSection
	GlobalSection(ProjectConfigurationPlatforms) = postSolution
		{36CDB25C-2920-4A2A-A2FE-3F5810C634F2}.Debug|Any CPU.ActiveCfg = Debug|Any CPU
		{36CDB25C-2920-4A2A-A2FE-3F5810C634F2}.Debug|Any CPU.Build.0 = Debug|Any CPU
		{36CDB25C-2920-4A2A-A2FE-3F5810C634F2}.Release|Any CPU.ActiveCfg = Release|Any CPU
		{36CDB25C-2920-4A2A-A2FE-3F5810C634F2}.Release|Any CPU.Build.0 = Release|Any CPU
		{FB46A8B9-F908-4374-B411-F33FEA896B05}.Debug|Any CPU.ActiveCfg = Debug|Any CPU
		{FB46A8B9-F908-4374-B411-F33FEA896B05}.Debug|Any CPU.Build.0 = Debug|Any CPU
		{FB46A8B9-F908-4374-B411-F33FEA896B05}.Release|Any CPU.ActiveCfg = Release|Any CPU
		{FB46A8B9-F908-4374-B411-F33FEA896B05}.Release|Any CPU.Build.0 = Release|Any CPU
	EndGlobalSection
	GlobalSection(SolutionProperties) = preSolution
		HideSolutionNode = FALSE
	EndGlobalSection
	GlobalSection(ExtensibilityGlobals) = postSolution
		SolutionGuid = {78F37938-4E69-4A12-8DC9-185EBC5179F5}
	EndGlobalSection
EndGlobal
